{
  "name": "hardware-js",
  "version": "1.0.0",
  "lockfileVersion": 3,
  "requires": true,
  "packages": {
    "": {
      "name": "hardware-js",
      "version": "1.0.0",
      "license": "MIT",
      "devDependencies": {
        "@types/dom-serial": "^1.0.4",
        "@types/w3c-web-hid": "^1.0.4",
        "@types/w3c-web-usb": "^1.0.7",
        "@types/web-bluetooth": "^0.0.18"
      }
    },
    "node_modules/@types/dom-serial": {
      "version": "1.0.4",
      "resolved": "https://registry.npmjs.org/@types/dom-serial/-/dom-serial-1.0.4.tgz",
      "integrity": "sha512-6n8fFEpEu75ZxsKtKND5TmKuX+fy2xibyDZgPrqBzKSn1pWUc4zxdDAnxkgC2CyCr+sQrFvpGGheiUoXnupUVg==",
      "dev": true
    },
    "node_modules/@types/w3c-web-hid": {
      "version": "1.0.4",
      "resolved": "https://registry.npmjs.org/@types/w3c-web-hid/-/w3c-web-hid-1.0.4.tgz",
      "integrity": "sha512-N7BG4BVZyI2cI0sTnUSYtI2zTPGHhnydL+84IwaEYBwbkJ1L3oHC1Y/WYkvQJkpWXNtei7GL8YqmCjtTDHa7Pw==",
      "dev": true
    },
    "node_modules/@types/w3c-web-usb": {
      "version": "1.0.8",
      "resolved": "https://registry.npmjs.org/@types/w3c-web-usb/-/w3c-web-usb-1.0.8.tgz",
      "integrity": "sha512-ouEoUTyB27wFXUUyl0uKIE6VkeCczDtazWTiZGD1M4onceJnp8KnHDf7CzLbpwzek2ZFWXTC5KrNDRc9q/Jf6Q==",
      "dev": true
    },
    "node_modules/@types/web-bluetooth": {
      "version": "0.0.18",
      "resolved": "https://registry.npmjs.org/@types/web-bluetooth/-/web-bluetooth-0.0.18.tgz",
      "integrity": "sha512-v/ZHEj9xh82usl8LMR3GarzFY1IrbXJw5L4QfQhokjRV91q+SelFqxQWSep1ucXEZ22+dSTwLFkXeur25sPIbw==",
      "dev": true
    }
  }
}
